
Microsoft Visual Studio Solution File, Format Version 12.00
# Visual Studio 15
VisualStudioVersion = 15.0.28010.2046
MinimumVisualStudioVersion = 10.0.40219.1
Project("{8BC9CEB8-8B4A-11D0-8D11-00A0C91BC942}") = "HW1-1", "HW1-1\HW1-1.vcxproj", "{5F3EF0C2-00A8-4E08-91C1-8FD983F4D51C}"
EndProject
Project("{8BC9CEB8-8B4A-11D0-8D11-00A0C91BC942}") = "HW1-2", "HW1-2\HW1-2.vcxproj", "{0203CA8A-1D3D-45B8-9636-BCECB4F2DF45}"
EndProject
Project("{8BC9CEB8-8B4A-11D0-8D11-00A0C91BC942}") = "HW1-3", "HW1-3\HW1-3.vcxproj", "{CE914FAC-5EE8-4E5A-81EA-2AB6084300E1}"
EndProject
Project("{8BC9CEB8-8B4A-11D0-8D11-00A0C91BC942}") = "HW1-4", "HW1-4\HW1-4.vcxproj", "{539BCAFA-D1C6-46DE-84ED-13DE75349190}"
EndProject
Project("{8BC9CEB8-8B4A-11D0-8D11-00A0C91BC942}") = "HW1-6", "HW1-6\HW1-6.vcxproj", "{D31E0277-FCFF-412B-827A-50DAB192050B}"
EndProject
Global
	GlobalSection(SolutionConfigurationPlatforms) = preSolution
		Debug|x64 = Debug|x64
		Debug|x86 = Debug|x86
		Release|x64 = Release|x64
		Release|x86 = Release|x86
	EndGlobalSection
	GlobalSection(ProjectConfigurationPlatforms) = postSolution
		{5F3EF0C2-00A8-4E08-91C1-8FD983F4D51C}.Debug|x64.ActiveCfg = Debug|x64
		{5F3EF0C2-00A8-4E08-91C1-8FD983F4D51C}.Debug|x64.Build.0 = Debug|x64
		{5F3EF0C2-00A8-4E08-91C1-8FD983F4D51C}.Debug|x86.ActiveCfg = Debug|Win32
		{5F3EF0C2-00A8-4E08-91C1-8FD983F4D51C}.Debug|x86.Build.0 = Debug|Win32
		{5F3EF0C2-00A8-4E08-91C1-8FD983F4D51C}.Release|x64.ActiveCfg = Release|x64
		{5F3EF0C2-00A8-4E08-91C1-8FD983F4D51C}.Release|x64.Build.0 = Release|x64
		{5F3EF0C2-00A8-4E08-91C1-8FD983F4D51C}.Release|x86.ActiveCfg = Release|Win32
		{5F3EF0C2-00A8-4E08-91C1-8FD983F4D51C}.Release|x86.Build.0 = Release|Win32
		{0203CA8A-1D3D-45B8-9636-BCECB4F2DF45}.Debug|x64.ActiveCfg = Debug|x64
		{0203CA8A-1D3D-45B8-9636-BCECB4F2DF45}.Debug|x64.Build.0 = Debug|x64
		{0203CA8A-1D3D-45B8-9636-BCECB4F2DF45}.Debug|x86.ActiveCfg = Debug|Win32
		{0203CA8A-1D3D-45B8-9636-BCECB4F2DF45}.Debug|x86.Build.0 = Debug|Win32
		{0203CA8A-1D3D-45B8-9636-BCECB4F2DF45}.Release|x64.ActiveCfg = Release|x64
		{0203CA8A-1D3D-45B8-9636-BCECB4F2DF45}.Release|x64.Build.0 = Release|x64
		{0203CA8A-1D3D-45B8-9636-BCECB4F2DF45}.Release|x86.ActiveCfg = Release|Win32
		{0203CA8A-1D3D-45B8-9636-BCECB4F2DF45}.Release|x86.Build.0 = Release|Win32
		{CE914FAC-5EE8-4E5A-81EA-2AB6084300E1}.Debug|x64.ActiveCfg = Debug|x64
		{CE914FAC-5EE8-4E5A-81EA-2AB6084300E1}.Debug|x64.Build.0 = Debug|x64
		{CE914FAC-5EE8-4E5A-81EA-2AB6084300E1}.Debug|x86.ActiveCfg = Debug|Win32
		{CE914FAC-5EE8-4E5A-81EA-2AB6084300E1}.Debug|x86.Build.0 = Debug|Win32
		{CE914FAC-5EE8-4E5A-81EA-2AB6084300E1}.Release|x64.ActiveCfg = Release|x64
		{CE914FAC-5EE8-4E5A-81EA-2AB6084300E1}.Release|x64.Build.0 = Release|x64
		{CE914FAC-5EE8-4E5A-81EA-2AB6084300E1}.Release|x86.ActiveCfg = Release|Win32
		{CE914FAC-5EE8-4E5A-81EA-2AB6084300E1}.Release|x86.Build.0 = Release|Win32
		{539BCAFA-D1C6-46DE-84ED-13DE75349190}.Debug|x64.ActiveCfg = Debug|x64
		{539BCAFA-D1C6-46DE-84ED-13DE75349190}.Debug|x64.Build.0 = Debug|x64
		{539BCAFA-D1C6-46DE-84ED-13DE75349190}.Debug|x86.ActiveCfg = Debug|Win32
		{539BCAFA-D1C6-46DE-84ED-13DE75349190}.Debug|x86.Build.0 = Debug|Win32
		{539BCAFA-D1C6-46DE-84ED-13DE75349190}.Release|x64.ActiveCfg = Release|x64
		{539BCAFA-D1C6-46DE-84ED-13DE75349190}.Release|x64.Build.0 = Release|x64
		{539BCAFA-D1C6-46DE-84ED-13DE75349190}.Release|x86.ActiveCfg = Release|Win32
		{539BCAFA-D1C6-46DE-84ED-13DE75349190}.Release|x86.Build.0 = Release|Win32
		{D31E0277-FCFF-412B-827A-50DAB192050B}.Debug|x64.ActiveCfg = Debug|x64
		{D31E0277-FCFF-412B-827A-50DAB192050B}.Debug|x64.Build.0 = Debug|x64
		{D31E0277-FCFF-412B-827A-50DAB192050B}.Debug|x86.ActiveCfg = Debug|Win32
		{D31E0277-FCFF-412B-827A-50DAB192050B}.Debug|x86.Build.0 = Debug|Win32
		{D31E0277-FCFF-412B-827A-50DAB192050B}.Release|x64.ActiveCfg = Release|x64
		{D31E0277-FCFF-412B-827A-50DAB192050B}.Release|x64.Build.0 = Release|x64
		{D31E0277-FCFF-412B-827A-50DAB192050B}.Release|x86.ActiveCfg = Release|Win32
		{D31E0277-FCFF-412B-827A-50DAB192050B}.Release|x86.Build.0 = Release|Win32
	EndGlobalSection
	GlobalSection(SolutionProperties) = preSolution
		HideSolutionNode = FALSE
	EndGlobalSection
	GlobalSection(ExtensibilityGlobals) = postSolution
		SolutionGuid = {B94C4025-E638-408C-AF38-CB29C29ECC0C}
	EndGlobalSection
EndGlobal
