
Microsoft Visual Studio Solution File, Format Version 12.00
# Visual Studio 15
VisualStudioVersion = 15.0.28010.2046
MinimumVisualStudioVersion = 10.0.40219.1
Project("{8BC9CEB8-8B4A-11D0-8D11-00A0C91BC942}") = "20180911", "20180911\20180911.vcxproj", "{BE8E7F26-C321-4A6F-B057-4D06BC71AFB3}"
EndProject
Project("{8BC9CEB8-8B4A-11D0-8D11-00A0C91BC942}") = "20181002", "20181002\20181002.vcxproj", "{1A41882E-EA69-4FC5-A830-FF96EA656CF1}"
EndProject
Project("{8BC9CEB8-8B4A-11D0-8D11-00A0C91BC942}") = "HW1-1", "HW1-1\HW1-1.vcxproj", "{1161DF55-99F4-471F-9801-382F71C40C8A}"
EndProject
Project("{8BC9CEB8-8B4A-11D0-8D11-00A0C91BC942}") = "HW1-2", "HW1-2\HW1-2.vcxproj", "{E4B796FF-8BEE-4CE5-8933-6CC37C53F173}"
EndProject
Project("{8BC9CEB8-8B4A-11D0-8D11-00A0C91BC942}") = "HW1-3", "HW1-3\HW1-3.vcxproj", "{23FB211D-F00B-46F2-9EC3-7F928028FDC8}"
EndProject
Project("{8BC9CEB8-8B4A-11D0-8D11-00A0C91BC942}") = "HW1-4", "HW1-4\HW1-4.vcxproj", "{753BA29E-1E97-4D29-BFFC-F68D92EE1FC5}"
EndProject
Project("{8BC9CEB8-8B4A-11D0-8D11-00A0C91BC942}") = "HW1-6", "HW1-6\HW1-6.vcxproj", "{A0FA9FD7-116D-4290-BF53-C0D93DA3CF96}"
EndProject
Project("{8BC9CEB8-8B4A-11D0-8D11-00A0C91BC942}") = "20181016", "20181016\20181016.vcxproj", "{6A622E8B-E687-4D74-867F-DBBF2E4BA549}"
EndProject
Global
	GlobalSection(SolutionConfigurationPlatforms) = preSolution
		Debug|x64 = Debug|x64
		Debug|x86 = Debug|x86
		Release|x64 = Release|x64
		Release|x86 = Release|x86
	EndGlobalSection
	GlobalSection(ProjectConfigurationPlatforms) = postSolution
		{BE8E7F26-C321-4A6F-B057-4D06BC71AFB3}.Debug|x64.ActiveCfg = Debug|x64
		{BE8E7F26-C321-4A6F-B057-4D06BC71AFB3}.Debug|x64.Build.0 = Debug|x64
		{BE8E7F26-C321-4A6F-B057-4D06BC71AFB3}.Debug|x86.ActiveCfg = Debug|Win32
		{BE8E7F26-C321-4A6F-B057-4D06BC71AFB3}.Debug|x86.Build.0 = Debug|Win32
		{BE8E7F26-C321-4A6F-B057-4D06BC71AFB3}.Release|x64.ActiveCfg = Release|x64
		{BE8E7F26-C321-4A6F-B057-4D06BC71AFB3}.Release|x64.Build.0 = Release|x64
		{BE8E7F26-C321-4A6F-B057-4D06BC71AFB3}.Release|x86.ActiveCfg = Release|Win32
		{BE8E7F26-C321-4A6F-B057-4D06BC71AFB3}.Release|x86.Build.0 = Release|Win32
		{1A41882E-EA69-4FC5-A830-FF96EA656CF1}.Debug|x64.ActiveCfg = Debug|x64
		{1A41882E-EA69-4FC5-A830-FF96EA656CF1}.Debug|x64.Build.0 = Debug|x64
		{1A41882E-EA69-4FC5-A830-FF96EA656CF1}.Debug|x86.ActiveCfg = Debug|Win32
		{1A41882E-EA69-4FC5-A830-FF96EA656CF1}.Debug|x86.Build.0 = Debug|Win32
		{1A41882E-EA69-4FC5-A830-FF96EA656CF1}.Release|x64.ActiveCfg = Release|x64
		{1A41882E-EA69-4FC5-A830-FF96EA656CF1}.Release|x64.Build.0 = Release|x64
		{1A41882E-EA69-4FC5-A830-FF96EA656CF1}.Release|x86.ActiveCfg = Release|Win32
		{1A41882E-EA69-4FC5-A830-FF96EA656CF1}.Release|x86.Build.0 = Release|Win32
		{1161DF55-99F4-471F-9801-382F71C40C8A}.Debug|x64.ActiveCfg = Debug|x64
		{1161DF55-99F4-471F-9801-382F71C40C8A}.Debug|x64.Build.0 = Debug|x64
		{1161DF55-99F4-471F-9801-382F71C40C8A}.Debug|x86.ActiveCfg = Debug|Win32
		{1161DF55-99F4-471F-9801-382F71C40C8A}.Debug|x86.Build.0 = Debug|Win32
		{1161DF55-99F4-471F-9801-382F71C40C8A}.Release|x64.ActiveCfg = Release|x64
		{1161DF55-99F4-471F-9801-382F71C40C8A}.Release|x64.Build.0 = Release|x64
		{1161DF55-99F4-471F-9801-382F71C40C8A}.Release|x86.ActiveCfg = Release|Win32
		{1161DF55-99F4-471F-9801-382F71C40C8A}.Release|x86.Build.0 = Release|Win32
		{E4B796FF-8BEE-4CE5-8933-6CC37C53F173}.Debug|x64.ActiveCfg = Debug|x64
		{E4B796FF-8BEE-4CE5-8933-6CC37C53F173}.Debug|x64.Build.0 = Debug|x64
		{E4B796FF-8BEE-4CE5-8933-6CC37C53F173}.Debug|x86.ActiveCfg = Debug|Win32
		{E4B796FF-8BEE-4CE5-8933-6CC37C53F173}.Debug|x86.Build.0 = Debug|Win32
		{E4B796FF-8BEE-4CE5-8933-6CC37C53F173}.Release|x64.ActiveCfg = Release|x64
		{E4B796FF-8BEE-4CE5-8933-6CC37C53F173}.Release|x64.Build.0 = Release|x64
		{E4B796FF-8BEE-4CE5-8933-6CC37C53F173}.Release|x86.ActiveCfg = Release|Win32
		{E4B796FF-8BEE-4CE5-8933-6CC37C53F173}.Release|x86.Build.0 = Release|Win32
		{23FB211D-F00B-46F2-9EC3-7F928028FDC8}.Debug|x64.ActiveCfg = Debug|x64
		{23FB211D-F00B-46F2-9EC3-7F928028FDC8}.Debug|x64.Build.0 = Debug|x64
		{23FB211D-F00B-46F2-9EC3-7F928028FDC8}.Debug|x86.ActiveCfg = Debug|Win32
		{23FB211D-F00B-46F2-9EC3-7F928028FDC8}.Debug|x86.Build.0 = Debug|Win32
		{23FB211D-F00B-46F2-9EC3-7F928028FDC8}.Release|x64.ActiveCfg = Release|x64
		{23FB211D-F00B-46F2-9EC3-7F928028FDC8}.Release|x64.Build.0 = Release|x64
		{23FB211D-F00B-46F2-9EC3-7F928028FDC8}.Release|x86.ActiveCfg = Release|Win32
		{23FB211D-F00B-46F2-9EC3-7F928028FDC8}.Release|x86.Build.0 = Release|Win32
		{753BA29E-1E97-4D29-BFFC-F68D92EE1FC5}.Debug|x64.ActiveCfg = Debug|x64
		{753BA29E-1E97-4D29-BFFC-F68D92EE1FC5}.Debug|x64.Build.0 = Debug|x64
		{753BA29E-1E97-4D29-BFFC-F68D92EE1FC5}.Debug|x86.ActiveCfg = Debug|Win32
		{753BA29E-1E97-4D29-BFFC-F68D92EE1FC5}.Debug|x86.Build.0 = Debug|Win32
		{753BA29E-1E97-4D29-BFFC-F68D92EE1FC5}.Release|x64.ActiveCfg = Release|x64
		{753BA29E-1E97-4D29-BFFC-F68D92EE1FC5}.Release|x64.Build.0 = Release|x64
		{753BA29E-1E97-4D29-BFFC-F68D92EE1FC5}.Release|x86.ActiveCfg = Release|Win32
		{753BA29E-1E97-4D29-BFFC-F68D92EE1FC5}.Release|x86.Build.0 = Release|Win32
		{A0FA9FD7-116D-4290-BF53-C0D93DA3CF96}.Debug|x64.ActiveCfg = Debug|x64
		{A0FA9FD7-116D-4290-BF53-C0D93DA3CF96}.Debug|x64.Build.0 = Debug|x64
		{A0FA9FD7-116D-4290-BF53-C0D93DA3CF96}.Debug|x86.ActiveCfg = Debug|Win32
		{A0FA9FD7-116D-4290-BF53-C0D93DA3CF96}.Debug|x86.Build.0 = Debug|Win32
		{A0FA9FD7-116D-4290-BF53-C0D93DA3CF96}.Release|x64.ActiveCfg = Release|x64
		{A0FA9FD7-116D-4290-BF53-C0D93DA3CF96}.Release|x64.Build.0 = Release|x64
		{A0FA9FD7-116D-4290-BF53-C0D93DA3CF96}.Release|x86.ActiveCfg = Release|Win32
		{A0FA9FD7-116D-4290-BF53-C0D93DA3CF96}.Release|x86.Build.0 = Release|Win32
		{6A622E8B-E687-4D74-867F-DBBF2E4BA549}.Debug|x64.ActiveCfg = Debug|x64
		{6A622E8B-E687-4D74-867F-DBBF2E4BA549}.Debug|x64.Build.0 = Debug|x64
		{6A622E8B-E687-4D74-867F-DBBF2E4BA549}.Debug|x86.ActiveCfg = Debug|Win32
		{6A622E8B-E687-4D74-867F-DBBF2E4BA549}.Debug|x86.Build.0 = Debug|Win32
		{6A622E8B-E687-4D74-867F-DBBF2E4BA549}.Release|x64.ActiveCfg = Release|x64
		{6A622E8B-E687-4D74-867F-DBBF2E4BA549}.Release|x64.Build.0 = Release|x64
		{6A622E8B-E687-4D74-867F-DBBF2E4BA549}.Release|x86.ActiveCfg = Release|Win32
		{6A622E8B-E687-4D74-867F-DBBF2E4BA549}.Release|x86.Build.0 = Release|Win32
	EndGlobalSection
	GlobalSection(SolutionProperties) = preSolution
		HideSolutionNode = FALSE
	EndGlobalSection
	GlobalSection(ExtensibilityGlobals) = postSolution
		SolutionGuid = {8401982D-C9E7-4585-9843-AAF60896D376}
	EndGlobalSection
EndGlobal
