
Microsoft Visual Studio Solution File, Format Version 12.00
# Visual Studio 15
VisualStudioVersion = 15.0.28010.2046
MinimumVisualStudioVersion = 10.0.40219.1
Project("{8BC9CEB8-8B4A-11D0-8D11-00A0C91BC942}") = "20180911", "20180911\20180911.vcxproj", "{BE8E7F26-C321-4A6F-B057-4D06BC71AFB3}"
EndProject
Project("{8BC9CEB8-8B4A-11D0-8D11-00A0C91BC942}") = "20181002", "20181002\20181002.vcxproj", "{1A41882E-EA69-4FC5-A830-FF96EA656CF1}"
EndProject
Project("{8BC9CEB8-8B4A-11D0-8D11-00A0C91BC942}") = "HW1-1", "HW1-1\HW1-1.vcxproj", "{1161DF55-99F4-471F-9801-382F71C40C8A}"
EndProject
Project("{8BC9CEB8-8B4A-11D0-8D11-00A0C91BC942}") = "HW1-2", "HW1-2\HW1-2.vcxproj", "{E4B796FF-8BEE-4CE5-8933-6CC37C53F173}"
EndProject
Project("{8BC9CEB8-8B4A-11D0-8D11-00A0C91BC942}") = "HW1-3", "HW1-3\HW1-3.vcxproj", "{23FB211D-F00B-46F2-9EC3-7F928028FDC8}"
EndProject
Project("{8BC9CEB8-8B4A-11D0-8D11-00A0C91BC942}") = "HW1-4", "HW1-4\HW1-4.vcxproj", "{753BA29E-1E97-4D29-BFFC-F68D92EE1FC5}"
EndProject
Project("{8BC9CEB8-8B4A-11D0-8D11-00A0C91BC942}") = "HW1-6", "HW1-6\HW1-6.vcxproj", "{A0FA9FD7-116D-4290-BF53-C0D93DA3CF96}"
EndProject
Project("{8BC9CEB8-8B4A-11D0-8D11-00A0C91BC942}") = "20181016", "20181016\20181016.vcxproj", "{6A622E8B-E687-4D74-867F-DBBF2E4BA549}"
EndProject
Project("{8BC9CEB8-8B4A-11D0-8D11-00A0C91BC942}") = "HW2-1", "HW2-1\HW2-1.vcxproj", "{F7521569-1CCD-43C8-89F3-F1D18D31CBC9}"
EndProject
Project("{8BC9CEB8-8B4A-11D0-8D11-00A0C91BC942}") = "HW2-2", "HW2-2\HW2-2.vcxproj", "{3EC44451-A7A0-4AEF-A31C-0620F3BC07FB}"
EndProject
Project("{8BC9CEB8-8B4A-11D0-8D11-00A0C91BC942}") = "HW2-3", "HW2-3\HW2-3.vcxproj", "{FB2E04E8-B596-4E7A-86CD-53E038A79F01}"
EndProject
Project("{8BC9CEB8-8B4A-11D0-8D11-00A0C91BC942}") = "HW2-4", "HW2-4\HW2-4.vcxproj", "{FA4EB0F6-CB5B-4879-BE7C-4416A52E0899}"
EndProject
Project("{8BC9CEB8-8B4A-11D0-8D11-00A0C91BC942}") = "HW2-5", "HW2-5\HW2-5.vcxproj", "{06812E22-CB62-4A00-8607-D8A8F0E240D9}"
EndProject
Project("{8BC9CEB8-8B4A-11D0-8D11-00A0C91BC942}") = "HW2-6", "HW2-6\HW2-6.vcxproj", "{89B7CCD8-7354-4F36-B5F9-D4FF3C305FF1}"
EndProject
Project("{8BC9CEB8-8B4A-11D0-8D11-00A0C91BC942}") = "HW2-7", "HW2-7\HW2-7.vcxproj", "{F7B5084D-1CBC-4544-B43D-D2EAA20CA491}"
EndProject
Project("{8BC9CEB8-8B4A-11D0-8D11-00A0C91BC942}") = "HW2-8", "HW2-8\HW2-8.vcxproj", "{3EF01CD8-3650-4272-9086-DA2984904ADB}"
EndProject
Project("{8BC9CEB8-8B4A-11D0-8D11-00A0C91BC942}") = "HW2-9", "HW2-9\HW2-9.vcxproj", "{47D9334C-049F-492A-B50A-2354A237DBAD}"
EndProject
Project("{8BC9CEB8-8B4A-11D0-8D11-00A0C91BC942}") = "HW2-10", "HW2-10\HW2-10.vcxproj", "{2A971828-4173-4CF5-9848-C647E6B8ECF5}"
EndProject
Project("{8BC9CEB8-8B4A-11D0-8D11-00A0C91BC942}") = "HW2-11", "HW2-11\HW2-11.vcxproj", "{FC2B934D-4D21-4FFE-9AAB-3248889B27F2}"
EndProject
Project("{8BC9CEB8-8B4A-11D0-8D11-00A0C91BC942}") = "HW2-12", "HW2-12\HW2-12.vcxproj", "{CFE4B779-5C60-481D-B44D-6C31E2B73241}"
EndProject
Project("{8BC9CEB8-8B4A-11D0-8D11-00A0C91BC942}") = "HW2-13", "HW2-13\HW2-13.vcxproj", "{4776C899-79D8-4BFA-9628-179D67A5DF0A}"
EndProject
Project("{8BC9CEB8-8B4A-11D0-8D11-00A0C91BC942}") = "HW2-14", "HW2-14\HW2-14.vcxproj", "{982B3F9F-1E67-4052-9DA0-03E7477DB70E}"
EndProject
Project("{8BC9CEB8-8B4A-11D0-8D11-00A0C91BC942}") = "HW2-15", "HW2-15\HW2-15.vcxproj", "{77F9BD65-66AB-4226-8814-5896CA655330}"
EndProject
Project("{8BC9CEB8-8B4A-11D0-8D11-00A0C91BC942}") = "HW2-16", "HW2-16\HW2-16.vcxproj", "{040149E4-545F-4AC9-BC26-B5A649476FCA}"
EndProject
Project("{8BC9CEB8-8B4A-11D0-8D11-00A0C91BC942}") = "HW2-17", "HW2-17\HW2-17.vcxproj", "{3B40B1BC-4579-4399-A8BD-81D56D42943B}"
EndProject
Project("{8BC9CEB8-8B4A-11D0-8D11-00A0C91BC942}") = "HW2-18", "HW2-18\HW2-18.vcxproj", "{39B88E79-9FBD-4DF4-92C1-1D5C5340C1EA}"
EndProject
Project("{8BC9CEB8-8B4A-11D0-8D11-00A0C91BC942}") = "HW2-19", "HW2-19\HW2-19.vcxproj", "{71EC7399-86A6-4BB4-99BC-74FA3E8B1E9F}"
EndProject
Project("{8BC9CEB8-8B4A-11D0-8D11-00A0C91BC942}") = "HW2-20", "HW2-20\HW2-20.vcxproj", "{7DEB0406-5897-4CDE-A44C-34A923516D64}"
EndProject
Project("{8BC9CEB8-8B4A-11D0-8D11-00A0C91BC942}") = "HW2-21", "HW2-21\HW2-21.vcxproj", "{9B7F42F6-647F-44CA-A459-1A5B003E6AD8}"
EndProject
Project("{8BC9CEB8-8B4A-11D0-8D11-00A0C91BC942}") = "HW2-22", "HW2-22\HW2-22.vcxproj", "{71F8619B-4C8F-4AEC-8F4F-6F45FE3A0F56}"
EndProject
Project("{8BC9CEB8-8B4A-11D0-8D11-00A0C91BC942}") = "HW2-24", "HW2-24\HW2-24.vcxproj", "{42790BAA-817B-4EB3-A168-56CDC229D521}"
EndProject
Project("{8BC9CEB8-8B4A-11D0-8D11-00A0C91BC942}") = "20181023", "20181023\20181023.vcxproj", "{3A165675-B6AF-4A85-B801-9A1701AAD762}"
EndProject
Project("{8BC9CEB8-8B4A-11D0-8D11-00A0C91BC942}") = "20181030", "20181030\20181030.vcxproj", "{44CF0AC0-279C-462D-B4EA-66366A33025B}"
EndProject
Project("{8BC9CEB8-8B4A-11D0-8D11-00A0C91BC942}") = "HW3-1", "HW3-1\HW3-1.vcxproj", "{AB89A03D-6F86-4A79-8819-D56950EC5EEE}"
EndProject
Project("{8BC9CEB8-8B4A-11D0-8D11-00A0C91BC942}") = "HW3-7", "HW3-7\HW3-7.vcxproj", "{4664F307-E066-48D4-AC07-2AC3868E0AB6}"
EndProject
Project("{8BC9CEB8-8B4A-11D0-8D11-00A0C91BC942}") = "HW1-5", "HW1-5\HW1-5.vcxproj", "{F37C52A6-882F-4F7B-8F87-6C7DB929D409}"
EndProject
Project("{8BC9CEB8-8B4A-11D0-8D11-00A0C91BC942}") = "HW2-23", "HW2-23\HW2-23.vcxproj", "{38112861-833C-4B40-A41F-F9D3F5BFEE19}"
EndProject
Project("{8BC9CEB8-8B4A-11D0-8D11-00A0C91BC942}") = "HW2-25", "HW2-25\HW2-25.vcxproj", "{3AB19A0E-B639-46C6-8417-F01EA08566B7}"
EndProject
Project("{8BC9CEB8-8B4A-11D0-8D11-00A0C91BC942}") = "20181106", "20181106\20181106.vcxproj", "{1818F4EF-A83F-4B4A-8036-494E4CD406F2}"
EndProject
Project("{8BC9CEB8-8B4A-11D0-8D11-00A0C91BC942}") = "20181106 (2)", "20181106 (2)\20181106 (2).vcxproj", "{E29317C7-0040-499C-8580-E8864A0F4467}"
EndProject
Project("{8BC9CEB8-8B4A-11D0-8D11-00A0C91BC942}") = "20181106 (3)", "20181106 (3)\20181106 (3).vcxproj", "{F26377C1-0309-4737-AE98-BF8C48A033F3}"
EndProject
Project("{8BC9CEB8-8B4A-11D0-8D11-00A0C91BC942}") = "20181106 (4)", "20181106 (4)\20181106 (4).vcxproj", "{4505B872-3D2A-495B-9D3E-937BA10E8107}"
EndProject
Global
	GlobalSection(SolutionConfigurationPlatforms) = preSolution
		Debug|x64 = Debug|x64
		Debug|x86 = Debug|x86
		Release|x64 = Release|x64
		Release|x86 = Release|x86
	EndGlobalSection
	GlobalSection(ProjectConfigurationPlatforms) = postSolution
		{BE8E7F26-C321-4A6F-B057-4D06BC71AFB3}.Debug|x64.ActiveCfg = Debug|x64
		{BE8E7F26-C321-4A6F-B057-4D06BC71AFB3}.Debug|x64.Build.0 = Debug|x64
		{BE8E7F26-C321-4A6F-B057-4D06BC71AFB3}.Debug|x86.ActiveCfg = Debug|Win32
		{BE8E7F26-C321-4A6F-B057-4D06BC71AFB3}.Debug|x86.Build.0 = Debug|Win32
		{BE8E7F26-C321-4A6F-B057-4D06BC71AFB3}.Release|x64.ActiveCfg = Release|x64
		{BE8E7F26-C321-4A6F-B057-4D06BC71AFB3}.Release|x64.Build.0 = Release|x64
		{BE8E7F26-C321-4A6F-B057-4D06BC71AFB3}.Release|x86.ActiveCfg = Release|Win32
		{BE8E7F26-C321-4A6F-B057-4D06BC71AFB3}.Release|x86.Build.0 = Release|Win32
		{1A41882E-EA69-4FC5-A830-FF96EA656CF1}.Debug|x64.ActiveCfg = Debug|x64
		{1A41882E-EA69-4FC5-A830-FF96EA656CF1}.Debug|x64.Build.0 = Debug|x64
		{1A41882E-EA69-4FC5-A830-FF96EA656CF1}.Debug|x86.ActiveCfg = Debug|Win32
		{1A41882E-EA69-4FC5-A830-FF96EA656CF1}.Debug|x86.Build.0 = Debug|Win32
		{1A41882E-EA69-4FC5-A830-FF96EA656CF1}.Release|x64.ActiveCfg = Release|x64
		{1A41882E-EA69-4FC5-A830-FF96EA656CF1}.Release|x64.Build.0 = Release|x64
		{1A41882E-EA69-4FC5-A830-FF96EA656CF1}.Release|x86.ActiveCfg = Release|Win32
		{1A41882E-EA69-4FC5-A830-FF96EA656CF1}.Release|x86.Build.0 = Release|Win32
		{1161DF55-99F4-471F-9801-382F71C40C8A}.Debug|x64.ActiveCfg = Debug|x64
		{1161DF55-99F4-471F-9801-382F71C40C8A}.Debug|x64.Build.0 = Debug|x64
		{1161DF55-99F4-471F-9801-382F71C40C8A}.Debug|x86.ActiveCfg = Debug|Win32
		{1161DF55-99F4-471F-9801-382F71C40C8A}.Debug|x86.Build.0 = Debug|Win32
		{1161DF55-99F4-471F-9801-382F71C40C8A}.Release|x64.ActiveCfg = Release|x64
		{1161DF55-99F4-471F-9801-382F71C40C8A}.Release|x64.Build.0 = Release|x64
		{1161DF55-99F4-471F-9801-382F71C40C8A}.Release|x86.ActiveCfg = Release|Win32
		{1161DF55-99F4-471F-9801-382F71C40C8A}.Release|x86.Build.0 = Release|Win32
		{E4B796FF-8BEE-4CE5-8933-6CC37C53F173}.Debug|x64.ActiveCfg = Debug|x64
		{E4B796FF-8BEE-4CE5-8933-6CC37C53F173}.Debug|x64.Build.0 = Debug|x64
		{E4B796FF-8BEE-4CE5-8933-6CC37C53F173}.Debug|x86.ActiveCfg = Debug|Win32
		{E4B796FF-8BEE-4CE5-8933-6CC37C53F173}.Debug|x86.Build.0 = Debug|Win32
		{E4B796FF-8BEE-4CE5-8933-6CC37C53F173}.Release|x64.ActiveCfg = Release|x64
		{E4B796FF-8BEE-4CE5-8933-6CC37C53F173}.Release|x64.Build.0 = Release|x64
		{E4B796FF-8BEE-4CE5-8933-6CC37C53F173}.Release|x86.ActiveCfg = Release|Win32
		{E4B796FF-8BEE-4CE5-8933-6CC37C53F173}.Release|x86.Build.0 = Release|Win32
		{23FB211D-F00B-46F2-9EC3-7F928028FDC8}.Debug|x64.ActiveCfg = Debug|x64
		{23FB211D-F00B-46F2-9EC3-7F928028FDC8}.Debug|x64.Build.0 = Debug|x64
		{23FB211D-F00B-46F2-9EC3-7F928028FDC8}.Debug|x86.ActiveCfg = Debug|Win32
		{23FB211D-F00B-46F2-9EC3-7F928028FDC8}.Debug|x86.Build.0 = Debug|Win32
		{23FB211D-F00B-46F2-9EC3-7F928028FDC8}.Release|x64.ActiveCfg = Release|x64
		{23FB211D-F00B-46F2-9EC3-7F928028FDC8}.Release|x64.Build.0 = Release|x64
		{23FB211D-F00B-46F2-9EC3-7F928028FDC8}.Release|x86.ActiveCfg = Release|Win32
		{23FB211D-F00B-46F2-9EC3-7F928028FDC8}.Release|x86.Build.0 = Release|Win32
		{753BA29E-1E97-4D29-BFFC-F68D92EE1FC5}.Debug|x64.ActiveCfg = Debug|x64
		{753BA29E-1E97-4D29-BFFC-F68D92EE1FC5}.Debug|x64.Build.0 = Debug|x64
		{753BA29E-1E97-4D29-BFFC-F68D92EE1FC5}.Debug|x86.ActiveCfg = Debug|Win32
		{753BA29E-1E97-4D29-BFFC-F68D92EE1FC5}.Debug|x86.Build.0 = Debug|Win32
		{753BA29E-1E97-4D29-BFFC-F68D92EE1FC5}.Release|x64.ActiveCfg = Release|x64
		{753BA29E-1E97-4D29-BFFC-F68D92EE1FC5}.Release|x64.Build.0 = Release|x64
		{753BA29E-1E97-4D29-BFFC-F68D92EE1FC5}.Release|x86.ActiveCfg = Release|Win32
		{753BA29E-1E97-4D29-BFFC-F68D92EE1FC5}.Release|x86.Build.0 = Release|Win32
		{A0FA9FD7-116D-4290-BF53-C0D93DA3CF96}.Debug|x64.ActiveCfg = Debug|x64
		{A0FA9FD7-116D-4290-BF53-C0D93DA3CF96}.Debug|x64.Build.0 = Debug|x64
		{A0FA9FD7-116D-4290-BF53-C0D93DA3CF96}.Debug|x86.ActiveCfg = Debug|Win32
		{A0FA9FD7-116D-4290-BF53-C0D93DA3CF96}.Debug|x86.Build.0 = Debug|Win32
		{A0FA9FD7-116D-4290-BF53-C0D93DA3CF96}.Release|x64.ActiveCfg = Release|x64
		{A0FA9FD7-116D-4290-BF53-C0D93DA3CF96}.Release|x64.Build.0 = Release|x64
		{A0FA9FD7-116D-4290-BF53-C0D93DA3CF96}.Release|x86.ActiveCfg = Release|Win32
		{A0FA9FD7-116D-4290-BF53-C0D93DA3CF96}.Release|x86.Build.0 = Release|Win32
		{6A622E8B-E687-4D74-867F-DBBF2E4BA549}.Debug|x64.ActiveCfg = Debug|x64
		{6A622E8B-E687-4D74-867F-DBBF2E4BA549}.Debug|x64.Build.0 = Debug|x64
		{6A622E8B-E687-4D74-867F-DBBF2E4BA549}.Debug|x86.ActiveCfg = Debug|Win32
		{6A622E8B-E687-4D74-867F-DBBF2E4BA549}.Debug|x86.Build.0 = Debug|Win32
		{6A622E8B-E687-4D74-867F-DBBF2E4BA549}.Release|x64.ActiveCfg = Release|x64
		{6A622E8B-E687-4D74-867F-DBBF2E4BA549}.Release|x64.Build.0 = Release|x64
		{6A622E8B-E687-4D74-867F-DBBF2E4BA549}.Release|x86.ActiveCfg = Release|Win32
		{6A622E8B-E687-4D74-867F-DBBF2E4BA549}.Release|x86.Build.0 = Release|Win32
		{F7521569-1CCD-43C8-89F3-F1D18D31CBC9}.Debug|x64.ActiveCfg = Debug|x64
		{F7521569-1CCD-43C8-89F3-F1D18D31CBC9}.Debug|x64.Build.0 = Debug|x64
		{F7521569-1CCD-43C8-89F3-F1D18D31CBC9}.Debug|x86.ActiveCfg = Debug|Win32
		{F7521569-1CCD-43C8-89F3-F1D18D31CBC9}.Debug|x86.Build.0 = Debug|Win32
		{F7521569-1CCD-43C8-89F3-F1D18D31CBC9}.Release|x64.ActiveCfg = Release|x64
		{F7521569-1CCD-43C8-89F3-F1D18D31CBC9}.Release|x64.Build.0 = Release|x64
		{F7521569-1CCD-43C8-89F3-F1D18D31CBC9}.Release|x86.ActiveCfg = Release|Win32
		{F7521569-1CCD-43C8-89F3-F1D18D31CBC9}.Release|x86.Build.0 = Release|Win32
		{3EC44451-A7A0-4AEF-A31C-0620F3BC07FB}.Debug|x64.ActiveCfg = Debug|x64
		{3EC44451-A7A0-4AEF-A31C-0620F3BC07FB}.Debug|x64.Build.0 = Debug|x64
		{3EC44451-A7A0-4AEF-A31C-0620F3BC07FB}.Debug|x86.ActiveCfg = Debug|Win32
		{3EC44451-A7A0-4AEF-A31C-0620F3BC07FB}.Debug|x86.Build.0 = Debug|Win32
		{3EC44451-A7A0-4AEF-A31C-0620F3BC07FB}.Release|x64.ActiveCfg = Release|x64
		{3EC44451-A7A0-4AEF-A31C-0620F3BC07FB}.Release|x64.Build.0 = Release|x64
		{3EC44451-A7A0-4AEF-A31C-0620F3BC07FB}.Release|x86.ActiveCfg = Release|Win32
		{3EC44451-A7A0-4AEF-A31C-0620F3BC07FB}.Release|x86.Build.0 = Release|Win32
		{FB2E04E8-B596-4E7A-86CD-53E038A79F01}.Debug|x64.ActiveCfg = Debug|x64
		{FB2E04E8-B596-4E7A-86CD-53E038A79F01}.Debug|x64.Build.0 = Debug|x64
		{FB2E04E8-B596-4E7A-86CD-53E038A79F01}.Debug|x86.ActiveCfg = Debug|Win32
		{FB2E04E8-B596-4E7A-86CD-53E038A79F01}.Debug|x86.Build.0 = Debug|Win32
		{FB2E04E8-B596-4E7A-86CD-53E038A79F01}.Release|x64.ActiveCfg = Release|x64
		{FB2E04E8-B596-4E7A-86CD-53E038A79F01}.Release|x64.Build.0 = Release|x64
		{FB2E04E8-B596-4E7A-86CD-53E038A79F01}.Release|x86.ActiveCfg = Release|Win32
		{FB2E04E8-B596-4E7A-86CD-53E038A79F01}.Release|x86.Build.0 = Release|Win32
		{FA4EB0F6-CB5B-4879-BE7C-4416A52E0899}.Debug|x64.ActiveCfg = Debug|x64
		{FA4EB0F6-CB5B-4879-BE7C-4416A52E0899}.Debug|x64.Build.0 = Debug|x64
		{FA4EB0F6-CB5B-4879-BE7C-4416A52E0899}.Debug|x86.ActiveCfg = Debug|Win32
		{FA4EB0F6-CB5B-4879-BE7C-4416A52E0899}.Debug|x86.Build.0 = Debug|Win32
		{FA4EB0F6-CB5B-4879-BE7C-4416A52E0899}.Release|x64.ActiveCfg = Release|x64
		{FA4EB0F6-CB5B-4879-BE7C-4416A52E0899}.Release|x64.Build.0 = Release|x64
		{FA4EB0F6-CB5B-4879-BE7C-4416A52E0899}.Release|x86.ActiveCfg = Release|Win32
		{FA4EB0F6-CB5B-4879-BE7C-4416A52E0899}.Release|x86.Build.0 = Release|Win32
		{06812E22-CB62-4A00-8607-D8A8F0E240D9}.Debug|x64.ActiveCfg = Debug|x64
		{06812E22-CB62-4A00-8607-D8A8F0E240D9}.Debug|x64.Build.0 = Debug|x64
		{06812E22-CB62-4A00-8607-D8A8F0E240D9}.Debug|x86.ActiveCfg = Debug|Win32
		{06812E22-CB62-4A00-8607-D8A8F0E240D9}.Debug|x86.Build.0 = Debug|Win32
		{06812E22-CB62-4A00-8607-D8A8F0E240D9}.Release|x64.ActiveCfg = Release|x64
		{06812E22-CB62-4A00-8607-D8A8F0E240D9}.Release|x64.Build.0 = Release|x64
		{06812E22-CB62-4A00-8607-D8A8F0E240D9}.Release|x86.ActiveCfg = Release|Win32
		{06812E22-CB62-4A00-8607-D8A8F0E240D9}.Release|x86.Build.0 = Release|Win32
		{89B7CCD8-7354-4F36-B5F9-D4FF3C305FF1}.Debug|x64.ActiveCfg = Debug|x64
		{89B7CCD8-7354-4F36-B5F9-D4FF3C305FF1}.Debug|x64.Build.0 = Debug|x64
		{89B7CCD8-7354-4F36-B5F9-D4FF3C305FF1}.Debug|x86.ActiveCfg = Debug|Win32
		{89B7CCD8-7354-4F36-B5F9-D4FF3C305FF1}.Debug|x86.Build.0 = Debug|Win32
		{89B7CCD8-7354-4F36-B5F9-D4FF3C305FF1}.Release|x64.ActiveCfg = Release|x64
		{89B7CCD8-7354-4F36-B5F9-D4FF3C305FF1}.Release|x64.Build.0 = Release|x64
		{89B7CCD8-7354-4F36-B5F9-D4FF3C305FF1}.Release|x86.ActiveCfg = Release|Win32
		{89B7CCD8-7354-4F36-B5F9-D4FF3C305FF1}.Release|x86.Build.0 = Release|Win32
		{F7B5084D-1CBC-4544-B43D-D2EAA20CA491}.Debug|x64.ActiveCfg = Debug|x64
		{F7B5084D-1CBC-4544-B43D-D2EAA20CA491}.Debug|x64.Build.0 = Debug|x64
		{F7B5084D-1CBC-4544-B43D-D2EAA20CA491}.Debug|x86.ActiveCfg = Debug|Win32
		{F7B5084D-1CBC-4544-B43D-D2EAA20CA491}.Debug|x86.Build.0 = Debug|Win32
		{F7B5084D-1CBC-4544-B43D-D2EAA20CA491}.Release|x64.ActiveCfg = Release|x64
		{F7B5084D-1CBC-4544-B43D-D2EAA20CA491}.Release|x64.Build.0 = Release|x64
		{F7B5084D-1CBC-4544-B43D-D2EAA20CA491}.Release|x86.ActiveCfg = Release|Win32
		{F7B5084D-1CBC-4544-B43D-D2EAA20CA491}.Release|x86.Build.0 = Release|Win32
		{3EF01CD8-3650-4272-9086-DA2984904ADB}.Debug|x64.ActiveCfg = Debug|x64
		{3EF01CD8-3650-4272-9086-DA2984904ADB}.Debug|x64.Build.0 = Debug|x64
		{3EF01CD8-3650-4272-9086-DA2984904ADB}.Debug|x86.ActiveCfg = Debug|Win32
		{3EF01CD8-3650-4272-9086-DA2984904ADB}.Debug|x86.Build.0 = Debug|Win32
		{3EF01CD8-3650-4272-9086-DA2984904ADB}.Release|x64.ActiveCfg = Release|x64
		{3EF01CD8-3650-4272-9086-DA2984904ADB}.Release|x64.Build.0 = Release|x64
		{3EF01CD8-3650-4272-9086-DA2984904ADB}.Release|x86.ActiveCfg = Release|Win32
		{3EF01CD8-3650-4272-9086-DA2984904ADB}.Release|x86.Build.0 = Release|Win32
		{47D9334C-049F-492A-B50A-2354A237DBAD}.Debug|x64.ActiveCfg = Debug|x64
		{47D9334C-049F-492A-B50A-2354A237DBAD}.Debug|x64.Build.0 = Debug|x64
		{47D9334C-049F-492A-B50A-2354A237DBAD}.Debug|x86.ActiveCfg = Debug|Win32
		{47D9334C-049F-492A-B50A-2354A237DBAD}.Debug|x86.Build.0 = Debug|Win32
		{47D9334C-049F-492A-B50A-2354A237DBAD}.Release|x64.ActiveCfg = Release|x64
		{47D9334C-049F-492A-B50A-2354A237DBAD}.Release|x64.Build.0 = Release|x64
		{47D9334C-049F-492A-B50A-2354A237DBAD}.Release|x86.ActiveCfg = Release|Win32
		{47D9334C-049F-492A-B50A-2354A237DBAD}.Release|x86.Build.0 = Release|Win32
		{2A971828-4173-4CF5-9848-C647E6B8ECF5}.Debug|x64.ActiveCfg = Debug|x64
		{2A971828-4173-4CF5-9848-C647E6B8ECF5}.Debug|x64.Build.0 = Debug|x64
		{2A971828-4173-4CF5-9848-C647E6B8ECF5}.Debug|x86.ActiveCfg = Debug|Win32
		{2A971828-4173-4CF5-9848-C647E6B8ECF5}.Debug|x86.Build.0 = Debug|Win32
		{2A971828-4173-4CF5-9848-C647E6B8ECF5}.Release|x64.ActiveCfg = Release|x64
		{2A971828-4173-4CF5-9848-C647E6B8ECF5}.Release|x64.Build.0 = Release|x64
		{2A971828-4173-4CF5-9848-C647E6B8ECF5}.Release|x86.ActiveCfg = Release|Win32
		{2A971828-4173-4CF5-9848-C647E6B8ECF5}.Release|x86.Build.0 = Release|Win32
		{FC2B934D-4D21-4FFE-9AAB-3248889B27F2}.Debug|x64.ActiveCfg = Debug|x64
		{FC2B934D-4D21-4FFE-9AAB-3248889B27F2}.Debug|x64.Build.0 = Debug|x64
		{FC2B934D-4D21-4FFE-9AAB-3248889B27F2}.Debug|x86.ActiveCfg = Debug|Win32
		{FC2B934D-4D21-4FFE-9AAB-3248889B27F2}.Debug|x86.Build.0 = Debug|Win32
		{FC2B934D-4D21-4FFE-9AAB-3248889B27F2}.Release|x64.ActiveCfg = Release|x64
		{FC2B934D-4D21-4FFE-9AAB-3248889B27F2}.Release|x64.Build.0 = Release|x64
		{FC2B934D-4D21-4FFE-9AAB-3248889B27F2}.Release|x86.ActiveCfg = Release|Win32
		{FC2B934D-4D21-4FFE-9AAB-3248889B27F2}.Release|x86.Build.0 = Release|Win32
		{CFE4B779-5C60-481D-B44D-6C31E2B73241}.Debug|x64.ActiveCfg = Debug|x64
		{CFE4B779-5C60-481D-B44D-6C31E2B73241}.Debug|x64.Build.0 = Debug|x64
		{CFE4B779-5C60-481D-B44D-6C31E2B73241}.Debug|x86.ActiveCfg = Debug|Win32
		{CFE4B779-5C60-481D-B44D-6C31E2B73241}.Debug|x86.Build.0 = Debug|Win32
		{CFE4B779-5C60-481D-B44D-6C31E2B73241}.Release|x64.ActiveCfg = Release|x64
		{CFE4B779-5C60-481D-B44D-6C31E2B73241}.Release|x64.Build.0 = Release|x64
		{CFE4B779-5C60-481D-B44D-6C31E2B73241}.Release|x86.ActiveCfg = Release|Win32
		{CFE4B779-5C60-481D-B44D-6C31E2B73241}.Release|x86.Build.0 = Release|Win32
		{4776C899-79D8-4BFA-9628-179D67A5DF0A}.Debug|x64.ActiveCfg = Debug|x64
		{4776C899-79D8-4BFA-9628-179D67A5DF0A}.Debug|x64.Build.0 = Debug|x64
		{4776C899-79D8-4BFA-9628-179D67A5DF0A}.Debug|x86.ActiveCfg = Debug|Win32
		{4776C899-79D8-4BFA-9628-179D67A5DF0A}.Debug|x86.Build.0 = Debug|Win32
		{4776C899-79D8-4BFA-9628-179D67A5DF0A}.Release|x64.ActiveCfg = Release|x64
		{4776C899-79D8-4BFA-9628-179D67A5DF0A}.Release|x64.Build.0 = Release|x64
		{4776C899-79D8-4BFA-9628-179D67A5DF0A}.Release|x86.ActiveCfg = Release|Win32
		{4776C899-79D8-4BFA-9628-179D67A5DF0A}.Release|x86.Build.0 = Release|Win32
		{982B3F9F-1E67-4052-9DA0-03E7477DB70E}.Debug|x64.ActiveCfg = Debug|x64
		{982B3F9F-1E67-4052-9DA0-03E7477DB70E}.Debug|x64.Build.0 = Debug|x64
		{982B3F9F-1E67-4052-9DA0-03E7477DB70E}.Debug|x86.ActiveCfg = Debug|Win32
		{982B3F9F-1E67-4052-9DA0-03E7477DB70E}.Debug|x86.Build.0 = Debug|Win32
		{982B3F9F-1E67-4052-9DA0-03E7477DB70E}.Release|x64.ActiveCfg = Release|x64
		{982B3F9F-1E67-4052-9DA0-03E7477DB70E}.Release|x64.Build.0 = Release|x64
		{982B3F9F-1E67-4052-9DA0-03E7477DB70E}.Release|x86.ActiveCfg = Release|Win32
		{982B3F9F-1E67-4052-9DA0-03E7477DB70E}.Release|x86.Build.0 = Release|Win32
		{77F9BD65-66AB-4226-8814-5896CA655330}.Debug|x64.ActiveCfg = Debug|x64
		{77F9BD65-66AB-4226-8814-5896CA655330}.Debug|x64.Build.0 = Debug|x64
		{77F9BD65-66AB-4226-8814-5896CA655330}.Debug|x86.ActiveCfg = Debug|Win32
		{77F9BD65-66AB-4226-8814-5896CA655330}.Debug|x86.Build.0 = Debug|Win32
		{77F9BD65-66AB-4226-8814-5896CA655330}.Release|x64.ActiveCfg = Release|x64
		{77F9BD65-66AB-4226-8814-5896CA655330}.Release|x64.Build.0 = Release|x64
		{77F9BD65-66AB-4226-8814-5896CA655330}.Release|x86.ActiveCfg = Release|Win32
		{77F9BD65-66AB-4226-8814-5896CA655330}.Release|x86.Build.0 = Release|Win32
		{040149E4-545F-4AC9-BC26-B5A649476FCA}.Debug|x64.ActiveCfg = Debug|x64
		{040149E4-545F-4AC9-BC26-B5A649476FCA}.Debug|x64.Build.0 = Debug|x64
		{040149E4-545F-4AC9-BC26-B5A649476FCA}.Debug|x86.ActiveCfg = Debug|Win32
		{040149E4-545F-4AC9-BC26-B5A649476FCA}.Debug|x86.Build.0 = Debug|Win32
		{040149E4-545F-4AC9-BC26-B5A649476FCA}.Release|x64.ActiveCfg = Release|x64
		{040149E4-545F-4AC9-BC26-B5A649476FCA}.Release|x64.Build.0 = Release|x64
		{040149E4-545F-4AC9-BC26-B5A649476FCA}.Release|x86.ActiveCfg = Release|Win32
		{040149E4-545F-4AC9-BC26-B5A649476FCA}.Release|x86.Build.0 = Release|Win32
		{3B40B1BC-4579-4399-A8BD-81D56D42943B}.Debug|x64.ActiveCfg = Debug|x64
		{3B40B1BC-4579-4399-A8BD-81D56D42943B}.Debug|x64.Build.0 = Debug|x64
		{3B40B1BC-4579-4399-A8BD-81D56D42943B}.Debug|x86.ActiveCfg = Debug|Win32
		{3B40B1BC-4579-4399-A8BD-81D56D42943B}.Debug|x86.Build.0 = Debug|Win32
		{3B40B1BC-4579-4399-A8BD-81D56D42943B}.Release|x64.ActiveCfg = Release|x64
		{3B40B1BC-4579-4399-A8BD-81D56D42943B}.Release|x64.Build.0 = Release|x64
		{3B40B1BC-4579-4399-A8BD-81D56D42943B}.Release|x86.ActiveCfg = Release|Win32
		{3B40B1BC-4579-4399-A8BD-81D56D42943B}.Release|x86.Build.0 = Release|Win32
		{39B88E79-9FBD-4DF4-92C1-1D5C5340C1EA}.Debug|x64.ActiveCfg = Debug|x64
		{39B88E79-9FBD-4DF4-92C1-1D5C5340C1EA}.Debug|x64.Build.0 = Debug|x64
		{39B88E79-9FBD-4DF4-92C1-1D5C5340C1EA}.Debug|x86.ActiveCfg = Debug|Win32
		{39B88E79-9FBD-4DF4-92C1-1D5C5340C1EA}.Debug|x86.Build.0 = Debug|Win32
		{39B88E79-9FBD-4DF4-92C1-1D5C5340C1EA}.Release|x64.ActiveCfg = Release|x64
		{39B88E79-9FBD-4DF4-92C1-1D5C5340C1EA}.Release|x64.Build.0 = Release|x64
		{39B88E79-9FBD-4DF4-92C1-1D5C5340C1EA}.Release|x86.ActiveCfg = Release|Win32
		{39B88E79-9FBD-4DF4-92C1-1D5C5340C1EA}.Release|x86.Build.0 = Release|Win32
		{71EC7399-86A6-4BB4-99BC-74FA3E8B1E9F}.Debug|x64.ActiveCfg = Debug|x64
		{71EC7399-86A6-4BB4-99BC-74FA3E8B1E9F}.Debug|x64.Build.0 = Debug|x64
		{71EC7399-86A6-4BB4-99BC-74FA3E8B1E9F}.Debug|x86.ActiveCfg = Debug|Win32
		{71EC7399-86A6-4BB4-99BC-74FA3E8B1E9F}.Debug|x86.Build.0 = Debug|Win32
		{71EC7399-86A6-4BB4-99BC-74FA3E8B1E9F}.Release|x64.ActiveCfg = Release|x64
		{71EC7399-86A6-4BB4-99BC-74FA3E8B1E9F}.Release|x64.Build.0 = Release|x64
		{71EC7399-86A6-4BB4-99BC-74FA3E8B1E9F}.Release|x86.ActiveCfg = Release|Win32
		{71EC7399-86A6-4BB4-99BC-74FA3E8B1E9F}.Release|x86.Build.0 = Release|Win32
		{7DEB0406-5897-4CDE-A44C-34A923516D64}.Debug|x64.ActiveCfg = Debug|x64
		{7DEB0406-5897-4CDE-A44C-34A923516D64}.Debug|x64.Build.0 = Debug|x64
		{7DEB0406-5897-4CDE-A44C-34A923516D64}.Debug|x86.ActiveCfg = Debug|Win32
		{7DEB0406-5897-4CDE-A44C-34A923516D64}.Debug|x86.Build.0 = Debug|Win32
		{7DEB0406-5897-4CDE-A44C-34A923516D64}.Release|x64.ActiveCfg = Release|x64
		{7DEB0406-5897-4CDE-A44C-34A923516D64}.Release|x64.Build.0 = Release|x64
		{7DEB0406-5897-4CDE-A44C-34A923516D64}.Release|x86.ActiveCfg = Release|Win32
		{7DEB0406-5897-4CDE-A44C-34A923516D64}.Release|x86.Build.0 = Release|Win32
		{9B7F42F6-647F-44CA-A459-1A5B003E6AD8}.Debug|x64.ActiveCfg = Debug|x64
		{9B7F42F6-647F-44CA-A459-1A5B003E6AD8}.Debug|x64.Build.0 = Debug|x64
		{9B7F42F6-647F-44CA-A459-1A5B003E6AD8}.Debug|x86.ActiveCfg = Debug|Win32
		{9B7F42F6-647F-44CA-A459-1A5B003E6AD8}.Debug|x86.Build.0 = Debug|Win32
		{9B7F42F6-647F-44CA-A459-1A5B003E6AD8}.Release|x64.ActiveCfg = Release|x64
		{9B7F42F6-647F-44CA-A459-1A5B003E6AD8}.Release|x64.Build.0 = Release|x64
		{9B7F42F6-647F-44CA-A459-1A5B003E6AD8}.Release|x86.ActiveCfg = Release|Win32
		{9B7F42F6-647F-44CA-A459-1A5B003E6AD8}.Release|x86.Build.0 = Release|Win32
		{71F8619B-4C8F-4AEC-8F4F-6F45FE3A0F56}.Debug|x64.ActiveCfg = Debug|x64
		{71F8619B-4C8F-4AEC-8F4F-6F45FE3A0F56}.Debug|x64.Build.0 = Debug|x64
		{71F8619B-4C8F-4AEC-8F4F-6F45FE3A0F56}.Debug|x86.ActiveCfg = Debug|Win32
		{71F8619B-4C8F-4AEC-8F4F-6F45FE3A0F56}.Debug|x86.Build.0 = Debug|Win32
		{71F8619B-4C8F-4AEC-8F4F-6F45FE3A0F56}.Release|x64.ActiveCfg = Release|x64
		{71F8619B-4C8F-4AEC-8F4F-6F45FE3A0F56}.Release|x64.Build.0 = Release|x64
		{71F8619B-4C8F-4AEC-8F4F-6F45FE3A0F56}.Release|x86.ActiveCfg = Release|Win32
		{71F8619B-4C8F-4AEC-8F4F-6F45FE3A0F56}.Release|x86.Build.0 = Release|Win32
		{42790BAA-817B-4EB3-A168-56CDC229D521}.Debug|x64.ActiveCfg = Debug|x64
		{42790BAA-817B-4EB3-A168-56CDC229D521}.Debug|x64.Build.0 = Debug|x64
		{42790BAA-817B-4EB3-A168-56CDC229D521}.Debug|x86.ActiveCfg = Debug|Win32
		{42790BAA-817B-4EB3-A168-56CDC229D521}.Debug|x86.Build.0 = Debug|Win32
		{42790BAA-817B-4EB3-A168-56CDC229D521}.Release|x64.ActiveCfg = Release|x64
		{42790BAA-817B-4EB3-A168-56CDC229D521}.Release|x64.Build.0 = Release|x64
		{42790BAA-817B-4EB3-A168-56CDC229D521}.Release|x86.ActiveCfg = Release|Win32
		{42790BAA-817B-4EB3-A168-56CDC229D521}.Release|x86.Build.0 = Release|Win32
		{3A165675-B6AF-4A85-B801-9A1701AAD762}.Debug|x64.ActiveCfg = Debug|x64
		{3A165675-B6AF-4A85-B801-9A1701AAD762}.Debug|x64.Build.0 = Debug|x64
		{3A165675-B6AF-4A85-B801-9A1701AAD762}.Debug|x86.ActiveCfg = Debug|Win32
		{3A165675-B6AF-4A85-B801-9A1701AAD762}.Debug|x86.Build.0 = Debug|Win32
		{3A165675-B6AF-4A85-B801-9A1701AAD762}.Release|x64.ActiveCfg = Release|x64
		{3A165675-B6AF-4A85-B801-9A1701AAD762}.Release|x64.Build.0 = Release|x64
		{3A165675-B6AF-4A85-B801-9A1701AAD762}.Release|x86.ActiveCfg = Release|Win32
		{3A165675-B6AF-4A85-B801-9A1701AAD762}.Release|x86.Build.0 = Release|Win32
		{44CF0AC0-279C-462D-B4EA-66366A33025B}.Debug|x64.ActiveCfg = Debug|x64
		{44CF0AC0-279C-462D-B4EA-66366A33025B}.Debug|x64.Build.0 = Debug|x64
		{44CF0AC0-279C-462D-B4EA-66366A33025B}.Debug|x86.ActiveCfg = Debug|Win32
		{44CF0AC0-279C-462D-B4EA-66366A33025B}.Debug|x86.Build.0 = Debug|Win32
		{44CF0AC0-279C-462D-B4EA-66366A33025B}.Release|x64.ActiveCfg = Release|x64
		{44CF0AC0-279C-462D-B4EA-66366A33025B}.Release|x64.Build.0 = Release|x64
		{44CF0AC0-279C-462D-B4EA-66366A33025B}.Release|x86.ActiveCfg = Release|Win32
		{44CF0AC0-279C-462D-B4EA-66366A33025B}.Release|x86.Build.0 = Release|Win32
		{AB89A03D-6F86-4A79-8819-D56950EC5EEE}.Debug|x64.ActiveCfg = Debug|x64
		{AB89A03D-6F86-4A79-8819-D56950EC5EEE}.Debug|x64.Build.0 = Debug|x64
		{AB89A03D-6F86-4A79-8819-D56950EC5EEE}.Debug|x86.ActiveCfg = Debug|Win32
		{AB89A03D-6F86-4A79-8819-D56950EC5EEE}.Debug|x86.Build.0 = Debug|Win32
		{AB89A03D-6F86-4A79-8819-D56950EC5EEE}.Release|x64.ActiveCfg = Release|x64
		{AB89A03D-6F86-4A79-8819-D56950EC5EEE}.Release|x64.Build.0 = Release|x64
		{AB89A03D-6F86-4A79-8819-D56950EC5EEE}.Release|x86.ActiveCfg = Release|Win32
		{AB89A03D-6F86-4A79-8819-D56950EC5EEE}.Release|x86.Build.0 = Release|Win32
		{4664F307-E066-48D4-AC07-2AC3868E0AB6}.Debug|x64.ActiveCfg = Debug|x64
		{4664F307-E066-48D4-AC07-2AC3868E0AB6}.Debug|x64.Build.0 = Debug|x64
		{4664F307-E066-48D4-AC07-2AC3868E0AB6}.Debug|x86.ActiveCfg = Debug|Win32
		{4664F307-E066-48D4-AC07-2AC3868E0AB6}.Debug|x86.Build.0 = Debug|Win32
		{4664F307-E066-48D4-AC07-2AC3868E0AB6}.Release|x64.ActiveCfg = Release|x64
		{4664F307-E066-48D4-AC07-2AC3868E0AB6}.Release|x64.Build.0 = Release|x64
		{4664F307-E066-48D4-AC07-2AC3868E0AB6}.Release|x86.ActiveCfg = Release|Win32
		{4664F307-E066-48D4-AC07-2AC3868E0AB6}.Release|x86.Build.0 = Release|Win32
		{F37C52A6-882F-4F7B-8F87-6C7DB929D409}.Debug|x64.ActiveCfg = Debug|x64
		{F37C52A6-882F-4F7B-8F87-6C7DB929D409}.Debug|x64.Build.0 = Debug|x64
		{F37C52A6-882F-4F7B-8F87-6C7DB929D409}.Debug|x86.ActiveCfg = Debug|Win32
		{F37C52A6-882F-4F7B-8F87-6C7DB929D409}.Debug|x86.Build.0 = Debug|Win32
		{F37C52A6-882F-4F7B-8F87-6C7DB929D409}.Release|x64.ActiveCfg = Release|x64
		{F37C52A6-882F-4F7B-8F87-6C7DB929D409}.Release|x64.Build.0 = Release|x64
		{F37C52A6-882F-4F7B-8F87-6C7DB929D409}.Release|x86.ActiveCfg = Release|Win32
		{F37C52A6-882F-4F7B-8F87-6C7DB929D409}.Release|x86.Build.0 = Release|Win32
		{38112861-833C-4B40-A41F-F9D3F5BFEE19}.Debug|x64.ActiveCfg = Debug|x64
		{38112861-833C-4B40-A41F-F9D3F5BFEE19}.Debug|x64.Build.0 = Debug|x64
		{38112861-833C-4B40-A41F-F9D3F5BFEE19}.Debug|x86.ActiveCfg = Debug|Win32
		{38112861-833C-4B40-A41F-F9D3F5BFEE19}.Debug|x86.Build.0 = Debug|Win32
		{38112861-833C-4B40-A41F-F9D3F5BFEE19}.Release|x64.ActiveCfg = Release|x64
		{38112861-833C-4B40-A41F-F9D3F5BFEE19}.Release|x64.Build.0 = Release|x64
		{38112861-833C-4B40-A41F-F9D3F5BFEE19}.Release|x86.ActiveCfg = Release|Win32
		{38112861-833C-4B40-A41F-F9D3F5BFEE19}.Release|x86.Build.0 = Release|Win32
		{3AB19A0E-B639-46C6-8417-F01EA08566B7}.Debug|x64.ActiveCfg = Debug|x64
		{3AB19A0E-B639-46C6-8417-F01EA08566B7}.Debug|x64.Build.0 = Debug|x64
		{3AB19A0E-B639-46C6-8417-F01EA08566B7}.Debug|x86.ActiveCfg = Debug|Win32
		{3AB19A0E-B639-46C6-8417-F01EA08566B7}.Debug|x86.Build.0 = Debug|Win32
		{3AB19A0E-B639-46C6-8417-F01EA08566B7}.Release|x64.ActiveCfg = Release|x64
		{3AB19A0E-B639-46C6-8417-F01EA08566B7}.Release|x64.Build.0 = Release|x64
		{3AB19A0E-B639-46C6-8417-F01EA08566B7}.Release|x86.ActiveCfg = Release|Win32
		{3AB19A0E-B639-46C6-8417-F01EA08566B7}.Release|x86.Build.0 = Release|Win32
		{1818F4EF-A83F-4B4A-8036-494E4CD406F2}.Debug|x64.ActiveCfg = Debug|x64
		{1818F4EF-A83F-4B4A-8036-494E4CD406F2}.Debug|x64.Build.0 = Debug|x64
		{1818F4EF-A83F-4B4A-8036-494E4CD406F2}.Debug|x86.ActiveCfg = Debug|Win32
		{1818F4EF-A83F-4B4A-8036-494E4CD406F2}.Debug|x86.Build.0 = Debug|Win32
		{1818F4EF-A83F-4B4A-8036-494E4CD406F2}.Release|x64.ActiveCfg = Release|x64
		{1818F4EF-A83F-4B4A-8036-494E4CD406F2}.Release|x64.Build.0 = Release|x64
		{1818F4EF-A83F-4B4A-8036-494E4CD406F2}.Release|x86.ActiveCfg = Release|Win32
		{1818F4EF-A83F-4B4A-8036-494E4CD406F2}.Release|x86.Build.0 = Release|Win32
		{E29317C7-0040-499C-8580-E8864A0F4467}.Debug|x64.ActiveCfg = Debug|x64
		{E29317C7-0040-499C-8580-E8864A0F4467}.Debug|x64.Build.0 = Debug|x64
		{E29317C7-0040-499C-8580-E8864A0F4467}.Debug|x86.ActiveCfg = Debug|Win32
		{E29317C7-0040-499C-8580-E8864A0F4467}.Debug|x86.Build.0 = Debug|Win32
		{E29317C7-0040-499C-8580-E8864A0F4467}.Release|x64.ActiveCfg = Release|x64
		{E29317C7-0040-499C-8580-E8864A0F4467}.Release|x64.Build.0 = Release|x64
		{E29317C7-0040-499C-8580-E8864A0F4467}.Release|x86.ActiveCfg = Release|Win32
		{E29317C7-0040-499C-8580-E8864A0F4467}.Release|x86.Build.0 = Release|Win32
		{F26377C1-0309-4737-AE98-BF8C48A033F3}.Debug|x64.ActiveCfg = Debug|x64
		{F26377C1-0309-4737-AE98-BF8C48A033F3}.Debug|x64.Build.0 = Debug|x64
		{F26377C1-0309-4737-AE98-BF8C48A033F3}.Debug|x86.ActiveCfg = Debug|Win32
		{F26377C1-0309-4737-AE98-BF8C48A033F3}.Debug|x86.Build.0 = Debug|Win32
		{F26377C1-0309-4737-AE98-BF8C48A033F3}.Release|x64.ActiveCfg = Release|x64
		{F26377C1-0309-4737-AE98-BF8C48A033F3}.Release|x64.Build.0 = Release|x64
		{F26377C1-0309-4737-AE98-BF8C48A033F3}.Release|x86.ActiveCfg = Release|Win32
		{F26377C1-0309-4737-AE98-BF8C48A033F3}.Release|x86.Build.0 = Release|Win32
		{4505B872-3D2A-495B-9D3E-937BA10E8107}.Debug|x64.ActiveCfg = Debug|x64
		{4505B872-3D2A-495B-9D3E-937BA10E8107}.Debug|x64.Build.0 = Debug|x64
		{4505B872-3D2A-495B-9D3E-937BA10E8107}.Debug|x86.ActiveCfg = Debug|Win32
		{4505B872-3D2A-495B-9D3E-937BA10E8107}.Debug|x86.Build.0 = Debug|Win32
		{4505B872-3D2A-495B-9D3E-937BA10E8107}.Release|x64.ActiveCfg = Release|x64
		{4505B872-3D2A-495B-9D3E-937BA10E8107}.Release|x64.Build.0 = Release|x64
		{4505B872-3D2A-495B-9D3E-937BA10E8107}.Release|x86.ActiveCfg = Release|Win32
		{4505B872-3D2A-495B-9D3E-937BA10E8107}.Release|x86.Build.0 = Release|Win32
	EndGlobalSection
	GlobalSection(SolutionProperties) = preSolution
		HideSolutionNode = FALSE
	EndGlobalSection
	GlobalSection(ExtensibilityGlobals) = postSolution
		SolutionGuid = {8401982D-C9E7-4585-9843-AAF60896D376}
	EndGlobalSection
EndGlobal
